
Microsoft Visual Studio Solution File, Format Version 12.00
# Visual Studio Version 17
VisualStudioVersion = 17.14.36623.8 d17.14
MinimumVisualStudioVersion = 10.0.40219.1
Project("{FAE04EC0-301F-11D3-BF4B-00C04F79EFBC}") = "GLApp", "GLApp.csproj", "{3A06F1ED-CCF4-48C3-A19D-BD27B3FA652B}"
EndProject
Global
	GlobalSection(SolutionConfigurationPlatforms) = preSolution
		Debug|Any CPU = Debug|Any CPU
		Release|Any CPU = Release|Any CPU
	EndGlobalSection
	GlobalSection(ProjectConfigurationPlatforms) = postSolution
		{3A06F1ED-CCF4-48C3-A19D-BD27B3FA652B}.Debug|Any CPU.ActiveCfg = Debug|Any CPU
		{3A06F1ED-CCF4-48C3-A19D-BD27B3FA652B}.Debug|Any CPU.Build.0 = Debug|Any CPU
		{3A06F1ED-CCF4-48C3-A19D-BD27B3FA652B}.Release|Any CPU.ActiveCfg = Release|Any CPU
		{3A06F1ED-CCF4-48C3-A19D-BD27B3FA652B}.Release|Any CPU.Build.0 = Release|Any CPU
	EndGlobalSection
	GlobalSection(SolutionProperties) = preSolution
		HideSolutionNode = FALSE
	EndGlobalSection
	GlobalSection(ExtensibilityGlobals) = postSolution
		SolutionGuid = {177D1DF7-9BDA-4E47-8668-86F639FD6855}
	EndGlobalSection
EndGlobal
